PODS:
  - AFNetworking (3.1.0):
    - AFNetworking/NSURLSession (= 3.1.0)
    - AFNetworking/Reachability (= 3.1.0)
    - AFNetworking/Security (= 3.1.0)
    - AFNetworking/Serialization (= 3.1.0)
    - AFNetworking/UIKit (= 3.1.0)
  - AFNetworking/NSURLSession (3.1.0):
    - AFNetworking/Reachability
    - AFNetworking/Security
    - AFNetworking/Serialization
  - AFNetworking/Reachability (3.1.0)
  - AFNetworking/Security (3.1.0)
  - AFNetworking/Serialization (3.1.0)
  - AFNetworking/UIKit (3.1.0):
    - AFNetworking/NSURLSession
  - AMap3DMap (4.5.0):
    - AMapFoundation (~> 1.3)
  - AMapFoundation (1.3.2)
  - AMapNavi (2.3.0):
    - AMap3DMap (~> 4.2)
    - AMapFoundation (~> 1.2)
  - AMapSearch (4.4.1):
    - AMapFoundation (~> 1.2)
  - CBStoreHouseRefreshControl (1.0)
  - JSONModel (1.7.0)
  - Masonry (1.0.2)
  - MJExtension (3.0.13)
  - MJRefresh (3.1.12)
  - SVProgressHUD (2.1.2)

DEPENDENCIES:
  - AFNetworking
  - AMap3DMap
  - AMapNavi
  - AMapSearch
  - CBStoreHouseRefreshControl
  - JSONModel
  - Masonry
  - MJExtension
  - MJRefresh
  - SVProgressHUD

SPEC CHECKSUMS:
  AFNetworking: 5e0e199f73d8626b11e79750991f5d173d1f8b67
  AMap3DMap: ac2a5aa9c1d689ad67a07f5925e2bbeadaff3c37
  AMapFoundation: 843dc27b2c02bc0bc2ef3346bb3dd0456cf64dbb
  AMapNavi: 4f48c7b34275f80f3d14eff669ac739e0e190c1b
  AMapSearch: 16a50b493ad419e8b6b81bafdeca7570db52f28e
  CBStoreHouseRefreshControl: a814bd725e74ff4c1e8dd96eb02358199b0da04f
  JSONModel: 840bc0fcffb24b8454d2c026bf26fea454b8e98d
  Masonry: 7c429b56da9d4ee0bbb3ed77a5ea710d6a5df39e
  MJExtension: 5932755f451458eefa24239358817f8d291240c7
  MJRefresh: b96cdb21c4aa75a7b07654311ab2f315c497e806
  SVProgressHUD: c404a55d78acbeb7ebb78b76d3faf986475a6994

PODFILE CHECKSUM: 3de974bf4a9761f23ff6366e03ab6803a9bd4825

COCOAPODS: 1.1.1
